// !$*UTF8*$!
{
	archiveVersion = 1;
	classes = {
	};
	objectVersion = 46;
	objects = {

/* Begin PBXBuildFile section */
		5D2897921991E2300036CFD6 /* Cocoa.framework in Frameworks */ = {isa = PBXBuildFile; fileRef = 5D2897911991E2300036CFD6 /* Cocoa.framework */; };
		5D28979C1991E2300036CFD6 /* InfoPlist.strings in Resources */ = {isa = PBXBuildFile; fileRef = 5D28979A1991E2300036CFD6 /* InfoPlist.strings */; };
		5D28979E1991E2300036CFD6 /* main.m in Sources */ = {isa = PBXBuildFile; fileRef = 5D28979D1991E2300036CFD6 /* main.m */; };
		5D2897A21991E2300036CFD6 /* Credits.rtf in Resources */ = {isa = PBXBuildFile; fileRef = 5D2897A01991E2300036CFD6 /* Credits.rtf */; };
		5D2897A51991E2300036CFD6 /* AppDelegate.m in Sources */ = {isa = PBXBuildFile; fileRef = 5D2897A41991E2300036CFD6 /* AppDelegate.m */; };
		5D2897A81991E2300036CFD6 /* MainMenu.xib in Resources */ = {isa = PBXBuildFile; fileRef = 5D2897A61991E2300036CFD6 /* MainMenu.xib */; };
		5D2897AA1991E2300036CFD6 /* Images.xcassets in Resources */ = {isa = PBXBuildFile; fileRef = 5D2897A91991E2300036CFD6 /* Images.xcassets */; };
		5D2897B11991E2300036CFD6 /* XCTest.framework in Frameworks */ = {isa = PBXBuildFile; fileRef = 5D2897B01991E2300036CFD6 /* XCTest.framework */; };
		5D2897B21991E2300036CFD6 /* Cocoa.framework in Frameworks */ = {isa = PBXBuildFile; fileRef = 5D2897911991E2300036CFD6 /* Cocoa.framework */; };
		5D2897BA1991E2300036CFD6 /* InfoPlist.strings in Resources */ = {isa = PBXBuildFile; fileRef = 5D2897B81991E2300036CFD6 /* InfoPlist.strings */; };
		5D2897BC1991E2300036CFD6 /* VisionSandboxTests.m in Sources */ = {isa = PBXBuildFile; fileRef = 5D2897BB1991E2300036CFD6 /* VisionSandboxTests.m */; };
/* End PBXBuildFile section */

/* Begin PBXContainerItemProxy section */
		5D2897B31991E2300036CFD6 /* PBXContainerItemProxy */ = {
			isa = PBXContainerItemProxy;
			containerPortal = 5D2897861991E2300036CFD6 /* Project object */;
			proxyType = 1;
			remoteGlobalIDString = 5D28978D1991E2300036CFD6;
			remoteInfo = VisionSandbox;
		};
/* End PBXContainerItemProxy section */

/* Begin PBXFileReference section */
		5D28978E1991E2300036CFD6 /* VisionSandbox.app */ = {isa = PBXFileReference; explicitFileType = wrapper.application; includeInIndex = 0; path = VisionSandbox.app; sourceTree = BUILT_PRODUCTS_DIR; };
		5D2897911991E2300036CFD6 /* Cocoa.framework */ = {isa = PBXFileReference; lastKnownFileType = wrapper.framework; name = Cocoa.framework; path = System/Library/Frameworks/Cocoa.framework; sourceTree = SDKROOT; };
		5D2897941991E2300036CFD6 /* AppKit.framework */ = {isa = PBXFileReference; lastKnownFileType = wrapper.framework; name = AppKit.framework; path = System/Library/Frameworks/AppKit.framework; sourceTree = SDKROOT; };
		5D2897951991E2300036CFD6 /* CoreData.framework */ = {isa = PBXFileReference; lastKnownFileType = wrapper.framework; name = CoreData.framework; path = System/Library/Frameworks/CoreData.framework; sourceTree = SDKROOT; };
		5D2897961991E2300036CFD6 /* Foundation.framework */ = {isa = PBXFileReference; lastKnownFileType = wrapper.framework; name = Foundation.framework; path = System/Library/Frameworks/Foundation.framework; sourceTree = SDKROOT; };
		5D2897991991E2300036CFD6 /* VisionSandbox-Info.plist */ = {isa = PBXFileReference; lastKnownFileType = text.plist.xml; path = "VisionSandbox-Info.plist"; sourceTree = "<group>"; };
		5D28979B1991E2300036CFD6 /* en */ = {isa = PBXFileReference; lastKnownFileType = text.plist.strings; name = en; path = en.lproj/InfoPlist.strings; sourceTree = "<group>"; };
		5D28979D1991E2300036CFD6 /* main.m */ = {isa = PBXFileReference; lastKnownFileType = sourcecode.c.objc; path = main.m; sourceTree = "<group>"; };
		5D28979F1991E2300036CFD6 /* VisionSandbox-Prefix.pch */ = {isa = PBXFileReference; lastKnownFileType = sourcecode.c.h; path = "VisionSandbox-Prefix.pch"; sourceTree = "<group>"; };
		5D2897A11991E2300036CFD6 /* en */ = {isa = PBXFileReference; lastKnownFileType = text.rtf; name = en; path = en.lproj/Credits.rtf; sourceTree = "<group>"; };
		5D2897A31991E2300036CFD6 /* AppDelegate.h */ = {isa = PBXFileReference; lastKnownFileType = sourcecode.c.h; path = AppDelegate.h; sourceTree = "<group>"; };
		5D2897A41991E2300036CFD6 /* AppDelegate.m */ = {isa = PBXFileReference; lastKnownFileType = sourcecode.c.objc; path = AppDelegate.m; sourceTree = "<group>"; };
		5D2897A71991E2300036CFD6 /* Base */ = {isa = PBXFileReference; lastKnownFileType = file.xib; name = Base; path = Base.lproj/MainMenu.xib; sourceTree = "<group>"; };
		5D2897A91991E2300036CFD6 /* Images.xcassets */ = {isa = PBXFileReference; lastKnownFileType = folder.assetcatalog; path = Images.xcassets; sourceTree = "<group>"; };
		5D2897AF1991E2300036CFD6 /* VisionSandboxTests.xctest */ = {isa = PBXFileReference; explicitFileType = wrapper.cfbundle; includeInIndex = 0; path = VisionSandboxTests.xctest; sourceTree = BUILT_PRODUCTS_DIR; };
		5D2897B01991E2300036CFD6 /* XCTest.framework */ = {isa = PBXFileReference; lastKnownFileType = wrapper.framework; name = XCTest.framework; path = Library/Frameworks/XCTest.framework; sourceTree = DEVELOPER_DIR; };
		5D2897B71991E2300036CFD6 /* VisionSandboxTests-Info.plist */ = {isa = PBXFileReference; lastKnownFileType = text.plist.xml; path = "VisionSandboxTests-Info.plist"; sourceTree = "<group>"; };
		5D2897B91991E2300036CFD6 /* en */ = {isa = PBXFileReference; lastKnownFileType = text.plist.strings; name = en; path = en.lproj/InfoPlist.strings; sourceTree = "<group>"; };
		5D2897BB1991E2300036CFD6 /* VisionSandboxTests.m */ = {isa = PBXFileReference; lastKnownFileType = sourcecode.c.objc; path = VisionSandboxTests.m; sourceTree = "<group>"; };
/* End PBXFileReference section */

/* Begin PBXFrameworksBuildPhase section */
		5D28978B1991E2300036CFD6 /* Frameworks */ = {
			isa = PBXFrameworksBuildPhase;
			buildActionMask = 2147483647;
			files = (
				5D2897921991E2300036CFD6 /* Cocoa.framework in Frameworks */,
			);
			runOnlyForDeploymentPostprocessing = 0;
		};
		5D2897AC1991E2300036CFD6 /* Frameworks */ = {
			isa = PBXFrameworksBuildPhase;
			buildActionMask = 2147483647;
			files = (
				5D2897B21991E2300036CFD6 /* Cocoa.framework in Frameworks */,
				5D2897B11991E2300036CFD6 /* XCTest.framework in Frameworks */,
			);
			runOnlyForDeploymentPostprocessing = 0;
		};
/* End PBXFrameworksBuildPhase section */

/* Begin PBXGroup section */
		5D2897851991E2300036CFD6 = {
			isa = PBXGroup;
			children = (
				5D2897971991E2300036CFD6 /* VisionSandbox */,
				5D2897B51991E2300036CFD6 /* VisionSandboxTests */,
				5D2897901991E2300036CFD6 /* Frameworks */,
				5D28978F1991E2300036CFD6 /* Products */,
			);
			sourceTree = "<group>";
		};
		5D28978F1991E2300036CFD6 /* Products */ = {
			isa = PBXGroup;
			children = (
				5D28978E1991E2300036CFD6 /* VisionSandbox.app */,
				5D2897AF1991E2300036CFD6 /* VisionSandboxTests.xctest */,
			);
			name = Products;
			sourceTree = "<group>";
		};
		5D2897901991E2300036CFD6 /* Frameworks */ = {
			isa = PBXGroup;
			children = (
				5D2897911991E2300036CFD6 /* Cocoa.framework */,
				5D2897B01991E2300036CFD6 /* XCTest.framework */,
				5D2897931991E2300036CFD6 /* Other Frameworks */,
			);
			name = Frameworks;
			sourceTree = "<group>";
		};
		5D2897931991E2300036CFD6 /* Other Frameworks */ = {
			isa = PBXGroup;
			children = (
				5D2897941991E2300036CFD6 /* AppKit.framework */,
				5D2897951991E2300036CFD6 /* CoreData.framework */,
				5D2897961991E2300036CFD6 /* Foundation.framework */,
			);
			name = "Other Frameworks";
			sourceTree = "<group>";
		};
		5D2897971991E2300036CFD6 /* VisionSandbox */ = {
			isa = PBXGroup;
			children = (
				5D2897A31991E2300036CFD6 /* AppDelegate.h */,
				5D2897A41991E2300036CFD6 /* AppDelegate.m */,
				5D2897A61991E2300036CFD6 /* MainMenu.xib */,
				5D2897A91991E2300036CFD6 /* Images.xcassets */,
				5D2897981991E2300036CFD6 /* Supporting Files */,
			);
			path = VisionSandbox;
			sourceTree = "<group>";
		};
		5D2897981991E2300036CFD6 /* Supporting Files */ = {
			isa = PBXGroup;
			children = (
				5D2897991991E2300036CFD6 /* VisionSandbox-Info.plist */,
				5D28979A1991E2300036CFD6 /* InfoPlist.strings */,
				5D28979D1991E2300036CFD6 /* main.m */,
				5D28979F1991E2300036CFD6 /* VisionSandbox-Prefix.pch */,
				5D2897A01991E2300036CFD6 /* Credits.rtf */,
			);
			name = "Supporting Files";
			sourceTree = "<group>";
		};
		5D2897B51991E2300036CFD6 /* VisionSandboxTests */ = {
			isa = PBXGroup;
			children = (
				5D2897BB1991E2300036CFD6 /* VisionSandboxTests.m */,
				5D2897B61991E2300036CFD6 /* Supporting Files */,
			);
			path = VisionSandboxTests;
			sourceTree = "<group>";
		};
		5D2897B61991E2300036CFD6 /* Supporting Files */ = {
			isa = PBXGroup;
			children = (
				5D2897B71991E2300036CFD6 /* VisionSandboxTests-Info.plist */,
				5D2897B81991E2300036CFD6 /* InfoPlist.strings */,
			);
			name = "Supporting Files";
			sourceTree = "<group>";
		};
/* End PBXGroup section */

/* Begin PBXNativeTarget section */
		5D28978D1991E2300036CFD6 /* VisionSandbox */ = {
			isa = PBXNativeTarget;
			buildConfigurationList = 5D2897BF1991E2300036CFD6 /* Build configuration list for PBXNativeTarget "VisionSandbox" */;
			buildPhases = (
				5D28978A1991E2300036CFD6 /* Sources */,
				5D28978B1991E2300036CFD6 /* Frameworks */,
				5D28978C1991E2300036CFD6 /* Resources */,
			);
			buildRules = (
			);
			dependencies = (
			);
			name = VisionSandbox;
			productName = VisionSandbox;
			productReference = 5D28978E1991E2300036CFD6 /* VisionSandbox.app */;
			productType = "com.apple.product-type.application";
		};
		5D2897AE1991E2300036CFD6 /* VisionSandboxTests */ = {
			isa = PBXNativeTarget;
			buildConfigurationList = 5D2897C21991E2300036CFD6 /* Build configuration list for PBXNativeTarget "VisionSandboxTests" */;
			buildPhases = (
				5D2897AB1991E2300036CFD6 /* Sources */,
				5D2897AC1991E2300036CFD6 /* Frameworks */,
				5D2897AD1991E2300036CFD6 /* Resources */,
			);
			buildRules = (
			);
			dependencies = (
				5D2897B41991E2300036CFD6 /* PBXTargetDependency */,
			);
			name = VisionSandboxTests;
			productName = VisionSandboxTests;
			productReference = 5D2897AF1991E2300036CFD6 /* VisionSandboxTests.xctest */;
			productType = "com.apple.product-type.bundle.unit-test";
		};
/* End PBXNativeTarget section */

/* Begin PBXProject section */
		5D2897861991E2300036CFD6 /* Project object */ = {
			isa = PBXProject;
			attributes = {
				LastUpgradeCheck = 0500;
				ORGANIZATIONNAME = "Magna Mirrors";
				TargetAttributes = {
					5D2897AE1991E2300036CFD6 = {
						TestTargetID = 5D28978D1991E2300036CFD6;
					};
				};
			};
			buildConfigurationList = 5D2897891991E2300036CFD6 /* Build configuration list for PBXProject "VisionSandbox" */;
			compatibilityVersion = "Xcode 3.2";
			developmentRegion = English;
			hasScannedForEncodings = 0;
			knownRegions = (
				en,
				Base,
			);
			mainGroup = 5D2897851991E2300036CFD6;
			productRefGroup = 5D28978F1991E2300036CFD6 /* Products */;
			projectDirPath = "";
			projectRoot = "";
			targets = (
				5D28978D1991E2300036CFD6 /* VisionSandbox */,
				5D2897AE1991E2300036CFD6 /* VisionSandboxTests */,
			);
		};
/* End PBXProject section */

/* Begin PBXResourcesBuildPhase section */
		5D28978C1991E2300036CFD6 /* Resources */ = {
			isa = PBXResourcesBuildPhase;
			buildActionMask = 2147483647;
			files = (
				5D28979C1991E2300036CFD6 /* InfoPlist.strings in Resources */,
				5D2897AA1991E2300036CFD6 /* Images.xcassets in Resources */,
				5D2897A21991E2300036CFD6 /* Credits.rtf in Resources */,
				5D2897A81991E2300036CFD6 /* MainMenu.xib in Resources */,
			);
			runOnlyForDeploymentPostprocessing = 0;
		};
		5D2897AD1991E2300036CFD6 /* Resources */ = {
			isa = PBXResourcesBuildPhase;
			buildActionMask = 2147483647;
			files = (
				5D2897BA1991E2300036CFD6 /* InfoPlist.strings in Resources */,
			);
			runOnlyForDeploymentPostprocessing = 0;
		};
/* End PBXResourcesBuildPhase section */

/* Begin PBXSourcesBuildPhase section */
		5D28978A1991E2300036CFD6 /* Sources */ = {
			isa = PBXSourcesBuildPhase;
			buildActionMask = 2147483647;
			files = (
				5D2897A51991E2300036CFD6 /* AppDelegate.m in Sources */,
				5D28979E1991E2300036CFD6 /* main.m in Sources */,
			);
			runOnlyForDeploymentPostprocessing = 0;
		};
		5D2897AB1991E2300036CFD6 /* Sources */ = {
			isa = PBXSourcesBuildPhase;
			buildActionMask = 2147483647;
			files = (
				5D2897BC1991E2300036CFD6 /* VisionSandboxTests.m in Sources */,
			);
			runOnlyForDeploymentPostprocessing = 0;
		};
/* End PBXSourcesBuildPhase section */

/* Begin PBXTargetDependency section */
		5D2897B41991E2300036CFD6 /* PBXTargetDependency */ = {
			isa = PBXTargetDependency;
			target = 5D28978D1991E2300036CFD6 /* VisionSandbox */;
			targetProxy = 5D2897B31991E2300036CFD6 /* PBXContainerItemProxy */;
		};
/* End PBXTargetDependency section */

/* Begin PBXVariantGroup section */
		5D28979A1991E2300036CFD6 /* InfoPlist.strings */ = {
			isa = PBXVariantGroup;
			children = (
				5D28979B1991E2300036CFD6 /* en */,
			);
			name = InfoPlist.strings;
			sourceTree = "<group>";
		};
		5D2897A01991E2300036CFD6 /* Credits.rtf */ = {
			isa = PBXVariantGroup;
			children = (
				5D2897A11991E2300036CFD6 /* en */,
			);
			name = Credits.rtf;
			sourceTree = "<group>";
		};
		5D2897A61991E2300036CFD6 /* MainMenu.xib */ = {
			isa = PBXVariantGroup;
			children = (
				5D2897A71991E2300036CFD6 /* Base */,
			);
			name = MainMenu.xib;
			sourceTree = "<group>";
		};
		5D2897B81991E2300036CFD6 /* InfoPlist.strings */ = {
			isa = PBXVariantGroup;
			children = (
				5D2897B91991E2300036CFD6 /* en */,
			);
			name = InfoPlist.strings;
			sourceTree = "<group>";
		};
/* End PBXVariantGroup section */

/* Begin XCBuildConfiguration section */
		5D2897BD1991E2300036CFD6 /* Debug */ = {
			isa = XCBuildConfiguration;
			buildSettings = {
				ALWAYS_SEARCH_USER_PATHS = NO;
				CLANG_CXX_LANGUAGE_STANDARD = "gnu++0x";
				CLANG_CXX_LIBRARY = "libc++";
				CLANG_ENABLE_OBJC_ARC = YES;
				CLANG_WARN_BOOL_CONVERSION = YES;
				CLANG_WARN_CONSTANT_CONVERSION = YES;
				CLANG_WARN_DIRECT_OBJC_ISA_USAGE = YES_ERROR;
				CLANG_WARN_EMPTY_BODY = YES;
				CLANG_WARN_ENUM_CONVERSION = YES;
				CLANG_WARN_INT_CONVERSION = YES;
				CLANG_WARN_OBJC_ROOT_CLASS = YES_ERROR;
				CLANG_WARN__DUPLICATE_METHOD_MATCH = YES;
				COPY_PHASE_STRIP = NO;
				GCC_C_LANGUAGE_STANDARD = gnu99;
				GCC_DYNAMIC_NO_PIC = NO;
				GCC_ENABLE_OBJC_EXCEPTIONS = YES;
				GCC_OPTIMIZATION_LEVEL = 0;
				GCC_PREPROCESSOR_DEFINITIONS = (
					"DEBUG=1",
					"$(inherited)",
				);
				GCC_SYMBOLS_PRIVATE_EXTERN = NO;
				GCC_WARN_64_TO_32_BIT_CONVERSION = YES;
				GCC_WARN_ABOUT_RETURN_TYPE = YES_ERROR;
				GCC_WARN_UNDECLARED_SELECTOR = YES;
				GCC_WARN_UNINITIALIZED_AUTOS = YES;
				GCC_WARN_UNUSED_FUNCTION = YES;
				GCC_WARN_UNUSED_VARIABLE = YES;
				MACOSX_DEPLOYMENT_TARGET = 10.9;
				ONLY_ACTIVE_ARCH = YES;
				SDKROOT = macosx;
			};
			name = Debug;
		};
		5D2897BE1991E2300036CFD6 /* Release */ = {
			isa = XCBuildConfiguration;
			buildSettings = {
				ALWAYS_SEARCH_USER_PATHS = NO;
				CLANG_CXX_LANGUAGE_STANDARD = "gnu++0x";
				CLANG_CXX_LIBRARY = "libc++";
				CLANG_ENABLE_OBJC_ARC = YES;
				CLANG_WARN_BOOL_CONVERSION = YES;
				CLANG_WARN_CONSTANT_CONVERSION = YES;
				CLANG_WARN_DIRECT_OBJC_ISA_USAGE = YES_ERROR;
				CLANG_WARN_EMPTY_BODY = YES;
				CLANG_WARN_ENUM_CONVERSION = YES;
				CLANG_WARN_INT_CONVERSION = YES;
				CLANG_WARN_OBJC_ROOT_CLASS = YES_ERROR;
				CLANG_WARN__DUPLICATE_METHOD_MATCH = YES;
				COPY_PHASE_STRIP = YES;
				DEBUG_INFORMATION_FORMAT = "dwarf-with-dsym";
				ENABLE_NS_ASSERTIONS = NO;
				GCC_C_LANGUAGE_STANDARD = gnu99;
				GCC_ENABLE_OBJC_EXCEPTIONS = YES;
				GCC_WARN_64_TO_32_BIT_CONVERSION = YES;
				GCC_WARN_ABOUT_RETURN_TYPE = YES_ERROR;
				GCC_WARN_UNDECLARED_SELECTOR = YES;
				GCC_WARN_UNINITIALIZED_AUTOS = YES;
				GCC_WARN_UNUSED_FUNCTION = YES;
				GCC_WARN_UNUSED_VARIABLE = YES;
				MACOSX_DEPLOYMENT_TARGET = 10.9;
				SDKROOT = macosx;
			};
			name = Release;
		};
		5D2897C01991E2300036CFD6 /* Debug */ = {
			isa = XCBuildConfiguration;
			buildSettings = {
				ASSETCATALOG_COMPILER_APPICON_NAME = AppIcon;
				COMBINE_HIDPI_IMAGES = YES;
				GCC_PRECOMPILE_PREFIX_HEADER = YES;
				GCC_PREFIX_HEADER = "VisionSandbox/VisionSandbox-Prefix.pch";
				INFOPLIST_FILE = "VisionSandbox/VisionSandbox-Info.plist";
				PRODUCT_NAME = "$(TARGET_NAME)";
				WRAPPER_EXTENSION = app;
			};
			name = Debug;
		};
		5D2897C11991E2300036CFD6 /* Release */ = {
			isa = XCBuildConfiguration;
			buildSettings = {
				ASSETCATALOG_COMPILER_APPICON_NAME = AppIcon;
				COMBINE_HIDPI_IMAGES = YES;
				GCC_PRECOMPILE_PREFIX_HEADER = YES;
				GCC_PREFIX_HEADER = "VisionSandbox/VisionSandbox-Prefix.pch";
				INFOPLIST_FILE = "VisionSandbox/VisionSandbox-Info.plist";
				PRODUCT_NAME = "$(TARGET_NAME)";
				WRAPPER_EXTENSION = app;
			};
			name = Release;
		};
		5D2897C31991E2300036CFD6 /* Debug */ = {
			isa = XCBuildConfiguration;
			buildSettings = {
				BUNDLE_LOADER = "$(BUILT_PRODUCTS_DIR)/VisionSandbox.app/Contents/MacOS/VisionSandbox";
				COMBINE_HIDPI_IMAGES = YES;
				FRAMEWORK_SEARCH_PATHS = (
					"$(DEVELOPER_FRAMEWORKS_DIR)",
					"$(inherited)",
				);
				GCC_PRECOMPILE_PREFIX_HEADER = YES;
				GCC_PREFIX_HEADER = "VisionSandbox/VisionSandbox-Prefix.pch";
				GCC_PREPROCESSOR_DEFINITIONS = (
					"DEBUG=1",
					"$(inherited)",
				);
				INFOPLIST_FILE = "VisionSandboxTests/VisionSandboxTests-Info.plist";
				PRODUCT_NAME = "$(TARGET_NAME)";
				TEST_HOST = "$(BUNDLE_LOADER)";
				WRAPPER_EXTENSION = xctest;
			};
			name = Debug;
		};
		5D2897C41991E2300036CFD6 /* Release */ = {
			isa = XCBuildConfiguration;
			buildSettings = {
				BUNDLE_LOADER = "$(BUILT_PRODUCTS_DIR)/VisionSandbox.app/Contents/MacOS/VisionSandbox";
				COMBINE_HIDPI_IMAGES = YES;
				FRAMEWORK_SEARCH_PATHS = (
					"$(DEVELOPER_FRAMEWORKS_DIR)",
					"$(inherited)",
				);
				GCC_PRECOMPILE_PREFIX_HEADER = YES;
				GCC_PREFIX_HEADER = "VisionSandbox/VisionSandbox-Prefix.pch";
				INFOPLIST_FILE = "VisionSandboxTests/VisionSandboxTests-Info.plist";
				PRODUCT_NAME = "$(TARGET_NAME)";
				TEST_HOST = "$(BUNDLE_LOADER)";
				WRAPPER_EXTENSION = xctest;
			};
			name = Release;
		};
/* End XCBuildConfiguration section */

/* Begin XCConfigurationList section */
		5D2897891991E2300036CFD6 /* Build configuration list for PBXProject "VisionSandbox" */ = {
			isa = XCConfigurationList;
			buildConfigurations = (
				5D2897BD1991E2300036CFD6 /* Debug */,
				5D2897BE1991E2300036CFD6 /* Release */,
			);
			defaultConfigurationIsVisible = 0;
			defaultConfigurationName = Release;
		};
		5D2897BF1991E2300036CFD6 /* Build configuration list for PBXNativeTarget "VisionSandbox" */ = {
			isa = XCConfigurationList;
			buildConfigurations = (
				5D2897C01991E2300036CFD6 /* Debug */,
				5D2897C11991E2300036CFD6 /* Release */,
			);
			defaultConfigurationIsVisible = 0;
		};
		5D2897C21991E2300036CFD6 /* Build configuration list for PBXNativeTarget "VisionSandboxTests" */ = {
			isa = XCConfigurationList;
			buildConfigurations = (
				5D2897C31991E2300036CFD6 /* Debug */,
				5D2897C41991E2300036CFD6 /* Release */,
			);
			defaultConfigurationIsVisible = 0;
		};
/* End XCConfigurationList section */
	};
	rootObject = 5D2897861991E2300036CFD6 /* Project object */;
}
